{
  "lockfileVersion": 2,
  "configVersion": 1,
  "workspaces": {
    "": {
      "name": "waybill",
      "devDependencies": {
        "typescript": "^5.5.4",
      },
    },
    "packages/api": {
      "name": "@waybill/api",
      "version": "0.0.1",
      "dependencies": {
        "@aws-sdk/client-s3": "^3.622.0",
        "@aws-sdk/client-sqs": "^3.622.0",
        "@waybill/shared": "*",
        "express": "^4.19.2",
        "ioredis": "^5.4.1",
        "pino": "^9.3.2",
        "pino-http": "^10.2.0",
        "zod": "^3.23.8",
      },
      "devDependencies": {
        "@types/express": "^4.17.21",
        "bun-types": "^1.1.21",
        "typescript": "^5.5.4",
      },
    },
    "packages/shared": {
      "name": "@waybill/shared",
      "version": "0.0.1",
      "dependencies": {
        "@aws-sdk/client-s3": "^3.622.0",
        "@aws-sdk/client-sqs": "^3.622.0",
        "@prisma/client": "^5.18.0",
      },
      "devDependencies": {
        "bun-types": "^1.1.21",
        "prisma": "^5.18.0",
        "typescript": "^5.5.4",
      },
    },
    "packages/worker": {
      "name": "@waybill/worker",
      "version": "0.0.1",
      "dependencies": {
        "@aws-sdk/client-s3": "^3.622.0",
        "@aws-sdk/client-sqs": "^3.622.0",
        "@waybill/shared": "*",
        "ioredis": "^5.4.1",
        "pino": "^9.3.2",
      },
      "devDependencies": {
        "bun-types": "^1.1.21",
        "typescript": "^5.5.4",
      },
    },
  },
  "packages": {
    "@aws-sdk/checksums": ["@aws-sdk/checksums@3.1000.29", "", { "dependencies": { "@aws-sdk/core": "^3.977.9", "@aws-sdk/types": "^3.974.5", "@smithy/core": "^3.33.3", "@smithy/types": "^4.17.2", "tslib": "^2.6.2" } }, "sha512-Dtu0gr4dnATZAPwEYbpCsG+MpLM7OAliy2gTepEFQwl1vZ6DL3QMH2FveMa3HLvPsOdhJsPRB3KtxVhph9T75A=="],

    "@aws-sdk/client-s3": ["@aws-sdk/client-s3@3.1116.0", "", { "dependencies": { "@aws-sdk/checksums": "^3.1000.29", "@aws-sdk/core": "^3.977.9", "@aws-sdk/credential-provider-node": "^3.972.81", "@aws-sdk/middleware-sdk-s3": "^3.972.75", "@aws-sdk/signature-v4-multi-region": "^3.996.46", "@aws-sdk/types": "^3.974.5", "@smithy/core": "^3.33.3", "@smithy/fetch-http-handler": "^5.7.2", "@smithy/node-http-handler": "^4.11.3", "@smithy/types": "^4.17.2", "tslib": "^2.6.2" } }, "sha512-UKRl9qSVW0rZpvSOauQNpYAy8+ONBAVYnpfKVtCyOF+FZVT1tl6MunYuHvuarCrroD2/YJs+tHTALYNgAlec3Q=="],

    "@aws-sdk/client-sqs": ["@aws-sdk/client-sqs@3.1116.0", "", { "dependencies": { "@aws-sdk/core": "^3.977.9", "@aws-sdk/credential-provider-node": "^3.972.81", "@aws-sdk/middleware-sdk-sqs": "^3.972.42", "@aws-sdk/types": "^3.974.5", "@smithy/core": "^3.33.3", "@smithy/fetch-http-handler": "^5.7.2", "@smithy/node-http-handler": "^4.11.3", "@smithy/types": "^4.17.2", "tslib": "^2.6.2" } }, "sha512-ojG8TPC1isk2jNSMETJbEtLjlhJaOE6R4TU+mGPr5y0PAu0iJ14sqZ90C2KBUUTdmPemX1gzT2Dq2LWNLXqiqQ=="],

    "@aws-sdk/core": ["@aws-sdk/core@3.977.9", "", { "dependencies": { "@aws-sdk/types": "^3.974.5", "@aws-sdk/xml-builder": "^3.972.40", "@aws/lambda-invoke-store": "^0.3.0", "@smithy/core": "^3.33.3", "@smithy/signature-v4": "^5.6.12", "@smithy/types": "^4.17.2", "bowser": "^2.11.0", "tslib": "^2.6.2" } }, "sha512-reqPFEQrZxDZpeGj4PFMepBeR5LGYHRqq/L0motTzgFkCRBA4rFdaVXDSLYyGHhxVz7sT2PDnPN9CluGSfgyJA=="],

    "@aws-sdk/credential-provider-env": ["@aws-sdk/credential-provider-env@3.972.70", "", { "dependencies": { "@aws-sdk/core": "^3.977.9", "@aws-sdk/types": "^3.974.5", "@smithy/core": "^3.33.3", "@smithy/types": "^4.17.2", "tslib": "^2.6.2" } }, "sha512-H404B7dJl2mCrBqahDEYsanB0xhdDp6tXnXcTUnXmmpy2Q3J0Ho0bUajZ2jr/RdwzCyS59Gi8xXIFwPLGBl6Uw=="],

    "@aws-sdk/credential-provider-http": ["@aws-sdk/credential-provider-http@3.972.72", "", { "dependencies": { "@aws-sdk/core": "^3.977.9", "@aws-sdk/types": "^3.974.5", "@smithy/core": "^3.33.3", "@smithy/fetch-http-handler": "^5.7.2", "@smithy/node-http-handler": "^4.11.3", "@smithy/types": "^4.17.2", "tslib": "^2.6.2" } }, "sha512-X98zYOrVOeuosCX+6ktf29FC2N2GHPLia7qv6mzPzTc+RPAuHWCDS++Z6JK7eGYqb/v6uaW7bAXaOvDBfol+0w=="],

    "@aws-sdk/credential-provider-ini": ["@aws-sdk/credential-provider-ini@3.973.15", "", { "dependencies": { "@aws-sdk/core": "^3.977.9", "@aws-sdk/credential-provider-env": "^3.972.70", "@aws-sdk/credential-provider-http": "^3.972.72", "@aws-sdk/credential-provider-login": "^3.972.77", "@aws-sdk/credential-provider-process": "^3.972.70", "@aws-sdk/credential-provider-sso": "^3.973.14", "@aws-sdk/credential-provider-web-identity": "^3.972.76", "@aws-sdk/nested-clients": "^3.997.44", "@aws-sdk/types": "^3.974.5", "@smithy/core": "^3.33.3", "@smithy/credential-provider-imds": "^4.4.16", "@smithy/types": "^4.17.2", "tslib": "^2.6.2" } }, "sha512-Rykg6s5ceBuynMOGWgoowO4N+27JfnqXAnVaSunZl0hOO1XodSrxGNz6sCEbnmS0lAfQZDKyb3fbr46gSuv6Sg=="],

    "@aws-sdk/credential-provider-login": ["@aws-sdk/credential-provider-login@3.972.77", "", { "dependencies": { "@aws-sdk/core": "^3.977.9", "@aws-sdk/nested-clients": "^3.997.44", "@aws-sdk/types": "^3.974.5", "@smithy/core": "^3.33.3", "@smithy/types": "^4.17.2", "tslib": "^2.6.2" } }, "sha512-Jb59xfEISoN5mmbnA+HYqdtrSX3CgCtJoof+V5D8/TgUI56W63GEEd5Y58WijU3Ou6+WEgaLD1feVzaRXV5IDQ=="],

    "@aws-sdk/credential-provider-node": ["@aws-sdk/credential-provider-node@3.972.81", "", { "dependencies": { "@aws-sdk/credential-provider-env": "^3.972.70", "@aws-sdk/credential-provider-http": "^3.972.72", "@aws-sdk/credential-provider-ini": "^3.973.15", "@aws-sdk/credential-provider-process": "^3.972.70", "@aws-sdk/credential-provider-sso": "^3.973.14", "@aws-sdk/credential-provider-web-identity": "^3.972.76", "@aws-sdk/types": "^3.974.5", "@smithy/core": "^3.33.3", "@smithy/credential-provider-imds": "^4.4.16", "@smithy/types": "^4.17.2", "tslib": "^2.6.2" } }, "sha512-Rml+WitoFvXmv6JZ18U/xGdGDGGvB/mOin0ya0lTnTrdC0Z1lrVxTYh7iNklZBcvcRMrs4DoEf6xy1KWyrLQQw=="],

    "@aws-sdk/credential-provider-process": ["@aws-sdk/credential-provider-process@3.972.70", "", { "dependencies": { "@aws-sdk/core": "^3.977.9", "@aws-sdk/types": "^3.974.5", "@smithy/core": "^3.33.3", "@smithy/types": "^4.17.2", "tslib": "^2.6.2" } }, "sha512-2ry03fGRJr4sV3jI+ocjj5JqALnFD6ymM5KiNCDZMvq8bX2GSbE0vji4aM43TVCl2nXqqLRZaUxdq/KeWRAY4Q=="],

    "@aws-sdk/credential-provider-sso": ["@aws-sdk/credential-provider-sso@3.973.14", "", { "dependencies": { "@aws-sdk/core": "^3.977.9", "@aws-sdk/nested-clients": "^3.997.44", "@aws-sdk/token-providers": "3.1116.0", "@aws-sdk/types": "^3.974.5", "@smithy/core": "^3.33.3", "@smithy/types": "^4.17.2", "tslib": "^2.6.2" } }, "sha512-jkhg/8ocAAoc0RFyLMhCw+/zZh7gystQgd4F4hznNa8P4Cc501PQmxd+jGLiMHodPJ+7Zv/3znM62gZojyasmA=="],

    "@aws-sdk/credential-provider-web-identity": ["@aws-sdk/credential-provider-web-identity@3.972.76", "", { "dependencies": { "@aws-sdk/core": "^3.977.9", "@aws-sdk/nested-clients": "^3.997.44", "@aws-sdk/types": "^3.974.5", "@smithy/core": "^3.33.3", "@smithy/types": "^4.17.2", "tslib": "^2.6.2" } }, "sha512-d3AGyVu759PGr35mEB2s22xxlNEA5rpdxtSPJthfPFJvoQ8dt357iVPECqWfUxXp1toJAvKmbtcIYVGigaGsCA=="],

    "@aws-sdk/middleware-sdk-s3": ["@aws-sdk/middleware-sdk-s3@3.972.75", "", { "dependencies": { "@aws-sdk/core": "^3.977.9", "@aws-sdk/signature-v4-multi-region": "^3.996.46", "@aws-sdk/types": "^3.974.5", "@smithy/core": "^3.33.3", "@smithy/types": "^4.17.2", "tslib": "^2.6.2" } }, "sha512-wMIsNumRVKaNMKhvU/s9VrdEwE8S6gSzXp4RygFG5BEMnGkkXf8cjh8zf7cKJBpUDpqTWqwbz5isEgp9rH6Lng=="],

    "@aws-sdk/middleware-sdk-sqs": ["@aws-sdk/middleware-sdk-sqs@3.972.42", "", { "dependencies": { "@aws-sdk/types": "^3.974.5", "@smithy/core": "^3.33.3", "@smithy/types": "^4.17.2", "tslib": "^2.6.2" } }, "sha512-D/O6iHAqlm0b430vIGewanSsr5RzaWbSDFlHYdKLWlZb4kaMKBmb44ReNHAFEKj5tNRY8pysw0qfciosB/VcJg=="],

    "@aws-sdk/nested-clients": ["@aws-sdk/nested-clients@3.997.44", "", { "dependencies": { "@aws-sdk/core": "^3.977.9", "@aws-sdk/signature-v4-multi-region": "^3.996.46", "@aws-sdk/types": "^3.974.5", "@smithy/core": "^3.33.3", "@smithy/fetch-http-handler": "^5.7.2", "@smithy/node-http-handler": "^4.11.3", "@smithy/types": "^4.17.2", "tslib": "^2.6.2" } }, "sha512-NhEgryjlBF9w38ZXqGymQV28IhkYa1mKhlbYnqIis57AYwWGVYfUPgg/qC2rLRqOUfblxx++irvju10kVTa8Vw=="],

    "@aws-sdk/signature-v4-multi-region": ["@aws-sdk/signature-v4-multi-region@3.996.46", "", { "dependencies": { "@aws-sdk/types": "^3.974.5", "@smithy/signature-v4": "^5.6.12", "@smithy/types": "^4.17.2", "tslib": "^2.6.2" } }, "sha512-L+2xZTye/2T96f3lwCws0Zw6GG2JHZW9e8FpVgGBeeExSKyeoZ6CWRpBml/7DNiK/O26jrgPM9F+Ay8VkgzUWQ=="],

    "@aws-sdk/token-providers": ["@aws-sdk/token-providers@3.1116.0", "", { "dependencies": { "@aws-sdk/core": "^3.977.9", "@aws-sdk/nested-clients": "^3.997.44", "@aws-sdk/types": "^3.974.5", "@smithy/core": "^3.33.3", "@smithy/types": "^4.17.2", "tslib": "^2.6.2" } }, "sha512-ygIivKqh8aHzNkucOCXHyIBgBpLPfrSI0mCqXF+vLBsPTUKqj0VSqAY0GFPe7lQl4HntjOcQ+KSyS7oUV2C54Q=="],

    "@aws-sdk/types": ["@aws-sdk/types@3.974.5", "", { "dependencies": { "@smithy/types": "^4.17.2", "tslib": "^2.6.2" } }, "sha512-LkwLL2BLbC6wNNm4JaH9mbEqBMdOZCct6VAYqhdN4U1xrWM+fUJQEfbHwQgDypapOWTRtlk25akb5afM0P8CIQ=="],

    "@aws-sdk/xml-builder": ["@aws-sdk/xml-builder@3.972.40", "", { "dependencies": { "@smithy/types": "^4.17.2", "tslib": "^2.6.2" } }, "sha512-wlFmCIGUlwF4zx/kncw+bmxTQh1HeSJq4mYV/V5cZUSJadDP3kXvGW8Rn21cimj/7y9ju+47oYWXi97vF7czaA=="],

    "@aws/lambda-invoke-store": ["@aws/lambda-invoke-store@0.3.0", "", {}, "sha512-sl4Bm6yiMNYrZKkqqDFWN0UfnWhlS8ivKxrYl+6t0gCLrqr8y3B2IqZZbFRkfaVVp7C/baApyh71P+LeE1A2sQ=="],

    "@ioredis/commands": ["@ioredis/commands@1.10.0", "", {}, "sha512-UmeW7z4LfctwoQ5wkhVzgq8tXkreED2xZGpX+Bg+zA+WJFZCT6c062AfCK/Dfk81xZnnwdhJCUMkitihRaoC2Q=="],

    "@pinojs/redact": ["@pinojs/redact@0.4.0", "", {}, "sha512-k2ENnmBugE/rzQfEcdWHcCY+/FM3VLzH9cYEsbdsoqrvzAKRhUZeRNhAZvB8OitQJ1TBed3yqWtdjzS6wJKBwg=="],

    "@prisma/client": ["@prisma/client@5.22.0", "", { "peerDependencies": { "prisma": "*" }, "optionalPeers": ["prisma"] }, "sha512-M0SVXfyHnQREBKxCgyo7sffrKttwE6R8PMq330MIUF0pTwjUhLbW84pFDlf06B27XyCR++VtjugEnIHdr07SVA=="],

    "@prisma/debug": ["@prisma/debug@5.22.0", "", {}, "sha512-AUt44v3YJeggO2ZU5BkXI7M4hu9BF2zzH2iF2V5pyXT/lRTyWiElZ7It+bRH1EshoMRxHgpYg4VB6rCM+mG5jQ=="],

    "@prisma/engines": ["@prisma/engines@5.22.0", "", { "dependencies": { "@prisma/debug": "5.22.0", "@prisma/engines-version": "5.22.0-44.605197351a3c8bdd595af2d2a9bc3025bca48ea2", "@prisma/fetch-engine": "5.22.0", "@prisma/get-platform": "5.22.0" } }, "sha512-UNjfslWhAt06kVL3CjkuYpHAWSO6L4kDCVPegV6itt7nD1kSJavd3vhgAEhjglLJJKEdJ7oIqDJ+yHk6qO8gPA=="],

    "@prisma/engines-version": ["@prisma/engines-version@5.22.0-44.605197351a3c8bdd595af2d2a9bc3025bca48ea2", "", {}, "sha512-2PTmxFR2yHW/eB3uqWtcgRcgAbG1rwG9ZriSvQw+nnb7c4uCr3RAcGMb6/zfE88SKlC1Nj2ziUvc96Z379mHgQ=="],

    "@prisma/fetch-engine": ["@prisma/fetch-engine@5.22.0", "", { "dependencies": { "@prisma/debug": "5.22.0", "@prisma/engines-version": "5.22.0-44.605197351a3c8bdd595af2d2a9bc3025bca48ea2", "@prisma/get-platform": "5.22.0" } }, "sha512-bkrD/Mc2fSvkQBV5EpoFcZ87AvOgDxbG99488a5cexp5Ccny+UM6MAe/UFkUC0wLYD9+9befNOqGiIJhhq+HbA=="],

    "@prisma/get-platform": ["@prisma/get-platform@5.22.0", "", { "dependencies": { "@prisma/debug": "5.22.0" } }, "sha512-pHhpQdr1UPFpt+zFfnPazhulaZYCUqeIcPpJViYoq9R+D/yw4fjE+CtnsnKzPYm0ddUbeXUzjGVGIRVgPDCk4Q=="],

    "@smithy/core": ["@smithy/core@3.33.3", "", { "dependencies": { "@smithy/types": "^4.17.2", "tslib": "^2.6.2" } }, "sha512-CsOeKq/9kA3y6VJHt+/+VTCtBaxJ4OTFpgrjIUhPpDIKxBci1k2bJaQASF2h/ELWrulGp+t97DZ0mevfAD8idg=="],

    "@smithy/credential-provider-imds": ["@smithy/credential-provider-imds@4.5.2", "", { "dependencies": { "@smithy/core": "^3.33.2", "@smithy/types": "^4.17.2", "tslib": "^2.6.2" } }, "sha512-A9uSdn72ozbRUSit0eib0TW7nXuNPlaeM0zcGkJ+nE6tFcSDbnmtwoxbTCFBukVQcszDAyvsd7+rTduPTXpygg=="],

    "@smithy/fetch-http-handler": ["@smithy/fetch-http-handler@5.7.2", "", { "dependencies": { "@smithy/core": "^3.33.2", "@smithy/types": "^4.17.2", "tslib": "^2.6.2" } }, "sha512-nZyWTmSpJEXl6VtWVMBJve/7x12DZu6sIX1z1a+ZMaHlQQRs9Zpu6NbTe/gmxYXVRpkjxyDYpZ5gx2IM6f/Wkw=="],

    "@smithy/node-http-handler": ["@smithy/node-http-handler@4.11.3", "", { "dependencies": { "@smithy/core": "^3.33.3", "@smithy/types": "^4.17.2", "tslib": "^2.6.2" } }, "sha512-2jY1tSpERfPfWqyBV2pH+iGFaghVsIJszJNsT7hxtQYhVJpWDyc0LqOWI+nXOxOAHaEfZ4PXXtp1wW1TGpHhkA=="],

    "@smithy/signature-v4": ["@smithy/signature-v4@5.7.3", "", { "dependencies": { "@smithy/core": "^3.33.3", "@smithy/types": "^4.17.2", "tslib": "^2.6.2" } }, "sha512-7ImGm+FkHRLcBaRttIAMZ6bzJZWb2cJGoYjq46F2UjycujWzrL9GEN9h4w7eQyXJYnltrUhxbbieBAIRrdqpow=="],

    "@smithy/types": ["@smithy/types@4.17.2", "", { "dependencies": { "tslib": "^2.6.2" } }, "sha512-FOKpVZob9MPTn2znRzGrnsMHv7BOsKVw3XiP/cOyYLDVZ9qKp4nifIiSCuUU/fIj5Vu0UOAxCFr+qRAtG0NUkA=="],

    "@types/body-parser": ["@types/body-parser@1.19.6", "", { "dependencies": { "@types/connect": "*", "@types/node": "*" } }, "sha512-HLFeCYgz89uk22N5Qg3dvGvsv46B8GLvKKo1zKG4NybA8U2DiEO3w9lqGg29t/tfLRJpJ6iQxnVw4OnB7MoM9g=="],

    "@types/connect": ["@types/connect@3.4.38", "", { "dependencies": { "@types/node": "*" } }, "sha512-K6uROf1LD88uDQqJCktA4yzL1YYAK6NgfsI0v/mTgyPKWsX1CnJ0XPSDhViejru1GcRkLWb8RlzFYJRqGUbaug=="],

    "@types/express": ["@types/express@4.17.25", "", { "dependencies": { "@types/body-parser": "*", "@types/express-serve-static-core": "^4.17.33", "@types/qs": "*", "@types/serve-static": "^1" } }, "sha512-dVd04UKsfpINUnK0yBoYHDF3xu7xVH4BuDotC/xGuycx4CgbP48X/KF/586bcObxT0HENHXEU8Nqtu6NR+eKhw=="],

    "@types/express-serve-static-core": ["@types/express-serve-static-core@4.19.9", "", { "dependencies": { "@types/node": "*", "@types/qs": "*", "@types/range-parser": "*", "@types/send": "*" } }, "sha512-QP2ESEe/ImWY0HDwNAnK9PvEffUyhLTnWkk7KXzHfyeWAnlrDe1fN77bXl6ia8KT3wPlmA7t9/VPRpnf4Ex9sg=="],

    "@types/http-errors": ["@types/http-errors@2.0.5", "", {}, "sha512-r8Tayk8HJnX0FztbZN7oVqGccWgw98T/0neJphO91KkmOzug1KkofZURD4UaD5uH8AqcFLfdPErnBod0u71/qg=="],

    "@types/mime": ["@types/mime@1.3.5", "", {}, "sha512-/pyBZWSLD2n0dcHE3hq8s8ZvcETHtEuF+3E7XVt0Ig2nvsVQXdghHVcEkIWjy9A0wKfTn97a/PSDYohKIlnP/w=="],

    "@types/node": ["@types/node@26.2.0", "", { "dependencies": { "undici-types": "~8.3.0" } }, "sha512-5IviulTZeRNp2vAJ514cc/HUlY5nZ9fCbq9DMyC52BrhFZACo3nI0R7qBxhQmo/d27NFe96ur/b7Wwxklda+kg=="],

    "@types/qs": ["@types/qs@6.15.1", "", {}, "sha512-GZHUBZR9hckSUhrxmp1nG6NwdpM9fCunJwyThLW1X3AyHgd9IlHb6VANpQQqDr2o/qQp6McZ3y/IA2rVzKzSbw=="],

    "@types/range-parser": ["@types/range-parser@1.2.7", "", {}, "sha512-hKormJbkJqzQGhziax5PItDUTMAM9uE2XXQmM37dyd4hVM+5aVl7oVxMVUiVQn2oCQFN/LKCZdvSM0pFRqbSmQ=="],

    "@types/send": ["@types/send@1.2.1", "", { "dependencies": { "@types/node": "*" } }, "sha512-arsCikDvlU99zl1g69TcAB3mzZPpxgw0UQnaHeC1Nwb015xp8bknZv5rIfri9xTOcMuaVgvabfIRA7PSZVuZIQ=="],

    "@types/serve-static": ["@types/serve-static@1.15.10", "", { "dependencies": { "@types/http-errors": "*", "@types/node": "*", "@types/send": "<1" } }, "sha512-tRs1dB+g8Itk72rlSI2ZrW6vZg0YrLI81iQSTkMmOqnqCaNr/8Ek4VwWcN5vZgCYWbg/JJSGBlUaYGAOP73qBw=="],

    "@waybill/api": ["@waybill/api@workspace:packages/api"],

    "@waybill/shared": ["@waybill/shared@workspace:packages/shared"],

    "@waybill/worker": ["@waybill/worker@workspace:packages/worker"],

    "accepts": ["accepts@1.3.8", "", { "dependencies": { "mime-types": "~2.1.34", "negotiator": "0.6.3" } }, "sha512-PYAthTa2m2VKxuvSD3DPC/Gy+U+sOA1LAuT8mkmRuvw+NACSaeXEQ+NHcVF7rONl6qcaxV3Uuemwawk+7+SJLw=="],

    "array-flatten": ["array-flatten@1.1.1", "", {}, "sha512-PCVAQswWemu6UdxsDFFX/+gVeYqKAod3D3UVm91jHwynguOwAvYPhx8nNlM++NqRcK6CxxpUafjmhIdKiHibqg=="],

    "atomic-sleep": ["atomic-sleep@1.0.0", "", {}, "sha512-kNOjDqAh7px0XWNI+4QbzoiR/nTkHAWNud2uvnJquD1/x5a7EQZMJT0AczqK0Qn67oY/TTQ1LbUKajZpp3I9tQ=="],

    "body-parser": ["body-parser@1.20.6", "", { "dependencies": { "bytes": "~3.1.2", "content-type": "~1.0.5", "debug": "2.6.9", "depd": "2.0.0", "destroy": "~1.2.0", "http-errors": "~2.0.1", "iconv-lite": "~0.4.24", "on-finished": "~2.4.1", "qs": "~6.15.1", "raw-body": "~2.5.3", "type-is": "~1.6.18", "unpipe": "~1.0.0" } }, "sha512-p5tAzS57i5MV9fZFDj9LeIiTZEufbSe2eDozP+ElheSUq1m74CRq1jI4mYNDdVs9vQztXFLuk/Gd6BWTdwRJ5g=="],

    "bowser": ["bowser@2.14.1", "", {}, "sha512-tzPjzCxygAKWFOJP011oxFHs57HzIhOEracIgAePE4pqB3LikALKnSzUyU4MGs9/iCEUuHlAJTjTc5M+u7YEGg=="],

    "bun-types": ["bun-types@1.4.0", "", { "dependencies": { "@types/node": "*" } }, "sha512-iIKw23BspnQQYd3prITOBxeUsxBHnwzX6YJfGMuNOZzeNcMmVqzIIVGRm1l69ogaPQmb4wB6BN8mA5bE9YuC5Q=="],

    "bytes": ["bytes@3.1.2", "", {}, "sha512-/Nf7TyzTx6S3yRJObOAV7956r8cr2+Oj8AC5dt8wSP3BQAoeX58NoHyCU8P8zGkNXStjTSi6fzO6F0pBdcYbEg=="],

    "call-bind-apply-helpers": ["call-bind-apply-helpers@1.0.2", "", { "dependencies": { "es-errors": "^1.3.0", "function-bind": "^1.1.2" } }, "sha512-Sp1ablJ0ivDkSzjcaJdxEunN5/XvksFJ2sMBFfq6x0ryhQV/2b/KwFe21cMpmHtPOSij8K99/wSfoEuTObmuMQ=="],

    "call-bound": ["call-bound@1.0.4", "", { "dependencies": { "call-bind-apply-helpers": "^1.0.2", "get-intrinsic": "^1.3.0" } }, "sha512-+ys997U96po4Kx/ABpBCqhA9EuxJaQWDQg7295H4hBphv3IZg0boBKuwYpt4YXp6MZ5AmZQnU/tyMTlRpaSejg=="],

    "cluster-key-slot": ["cluster-key-slot@1.1.1", "", {}, "sha512-rwHwUfXL40Chm1r08yrhU3qpUvdVlgkKNeyeGPOxnW8/SyVDvgRaed/Uz54AqWNaTCAThlj6QAs3TZcKI0xDEw=="],

    "content-disposition": ["content-disposition@0.5.4", "", { "dependencies": { "safe-buffer": "5.2.1" } }, "sha512-FveZTNuGw04cxlAiWbzi6zTAL/lhehaWbTtgluJh4/E95DqMwTmha3KZN1aAWA8cFIhHzMZUvLevkw5Rqk+tSQ=="],

    "content-type": ["content-type@1.0.5", "", {}, "sha512-nTjqfcBFEipKdXCv4YDQWCfmcLZKm81ldF0pAopTvyrFGVbcR6P/VAAd5G7N+0tTr8QqiU0tFadD6FK4NtJwOA=="],

    "cookie": ["cookie@0.7.2", "", {}, "sha512-yki5XnKuf750l50uGTllt6kKILY4nQ1eNIQatoXEByZ5dWgnKqbnqmTrBE5B4N7lrMJKQ2ytWMiTO2o0v6Ew/w=="],

    "cookie-signature": ["cookie-signature@1.0.7", "", {}, "sha512-NXdYc3dLr47pBkpUCHtKSwIOQXLVn8dZEuywboCOJY/osA0wFSLlSawr3KN8qXJEyX66FcONTH8EIlVuK0yyFA=="],

    "debug": ["debug@2.6.9", "", { "dependencies": { "ms": "2.0.0" } }, "sha512-bC7ElrdJaJnPbAP+1EotYvqZsb3ecl5wi6Bfi6BJTUcNowp6cvspg0jXznRTKDjm/E7AdgFBVeAPVMNcKGsHMA=="],

    "denque": ["denque@2.1.0", "", {}, "sha512-HVQE3AAb/pxF8fQAoiqpvg9i3evqug3hoiwakOyZAwJm+6vZehbkYXZ0l4JxS+I3QxM97v5aaRNhj8v5oBhekw=="],

    "depd": ["depd@2.0.0", "", {}, "sha512-g7nH6P6dyDioJogAAGprGpCtVImJhpPk/roCzdb3fIh61/s/nPsfR6onyMwkCAR/OlC3yBC0lESvUoQEAssIrw=="],

    "destroy": ["destroy@1.2.0", "", {}, "sha512-2sJGJTaXIIaR1w4iJSNoN0hnMY7Gpc/n8D4qSCJw8QqFWXf7cuAgnEHxBpweaVcPevC2l3KpjYCx3NypQQgaJg=="],

    "dunder-proto": ["dunder-proto@1.0.1", "", { "dependencies": { "call-bind-apply-helpers": "^1.0.1", "es-errors": "^1.3.0", "gopd": "^1.2.0" } }, "sha512-KIN/nDJBQRcXw0MLVhZE9iQHmG68qAVIBg9CqmUYjmQIhgij9U5MFvrqkUL5FbtyyzZuOeOt0zdeRe4UY7ct+A=="],

    "ee-first": ["ee-first@1.1.1", "", {}, "sha512-WMwm9LhRUo+WUaRN+vRuETqG89IgZphVSNkdFgeb6sS/E4OrDIN7t48CAewSHXc6C8lefD8KKfr5vY61brQlow=="],

    "encodeurl": ["encodeurl@2.0.0", "", {}, "sha512-Q0n9HRi4m6JuGIV1eFlmvJB7ZEVxu93IrMyiMsGC0lrMJMWzRgx6WGquyfQgZVb31vhGgXnfmPNNXmxnOkRBrg=="],

    "es-define-property": ["es-define-property@1.0.1", "", {}, "sha512-e3nRfgfUZ4rNGL232gUgX06QNyyez04KdjFrF+LTRoOXmrOgFKDg4BCdsjW8EnT69eqdYGmRpJwiPVYNrCaW3g=="],

    "es-errors": ["es-errors@1.3.0", "", {}, "sha512-Zf5H2Kxt2xjTvbJvP2ZWLEICxA6j+hAmMzIlypy4xcBg1vKVnx89Wy0GbS+kf5cwCVFFzdCFh2XSCFNULS6csw=="],

    "es-object-atoms": ["es-object-atoms@1.1.2", "", { "dependencies": { "es-errors": "^1.3.0" } }, "sha512-HWcBoN6NileqtSydK2FqHbS/LoDd2pqrnQHLyJzBj4kOp/ky2MWMN694xOfkK8/SnUsW2DH7EfyVlydKCsm1Zw=="],

    "escape-html": ["escape-html@1.0.3", "", {}, "sha512-NiSupZ4OeuGwr68lGIeym/ksIZMJodUGOSCZ/FSnTxcrekbvqrgdUxlJOMpijaKZVjAJrWrGs/6Jy8OMuyj9ow=="],

    "etag": ["etag@1.8.1", "", {}, "sha512-aIL5Fx7mawVa300al2BnEE4iNvo1qETxLrPI/o05L7z6go7fCw1J6EQmbK4FmJ2AS7kgVF/KEZWufBfdClMcPg=="],

    "express": ["express@4.22.2", "", { "dependencies": { "accepts": "~1.3.8", "array-flatten": "1.1.1", "body-parser": "~1.20.5", "content-disposition": "~0.5.4", "content-type": "~1.0.4", "cookie": "~0.7.1", "cookie-signature": "~1.0.6", "debug": "2.6.9", "depd": "2.0.0", "encodeurl": "~2.0.0", "escape-html": "~1.0.3", "etag": "~1.8.1", "finalhandler": "~1.3.1", "fresh": "~0.5.2", "http-errors": "~2.0.0", "merge-descriptors": "1.0.3", "methods": "~1.1.2", "on-finished": "~2.4.1", "parseurl": "~1.3.3", "path-to-regexp": "~0.1.12", "proxy-addr": "~2.0.7", "qs": "~6.15.1", "range-parser": "~1.2.1", "safe-buffer": "5.2.1", "send": "~0.19.0", "serve-static": "~1.16.2", "setprototypeof": "1.2.0", "statuses": "~2.0.1", "type-is": "~1.6.18", "utils-merge": "1.0.1", "vary": "~1.1.2" } }, "sha512-IuL+Elrou2ZvCFHs18/CIzy2Nzvo25nZ1/D2eIZlz7c+QUayAcYoiM2BthCjs+EBHVpjYjcuLDAiCWgeIX3X1Q=="],

    "finalhandler": ["finalhandler@1.3.2", "", { "dependencies": { "debug": "2.6.9", "encodeurl": "~2.0.0", "escape-html": "~1.0.3", "on-finished": "~2.4.1", "parseurl": "~1.3.3", "statuses": "~2.0.2", "unpipe": "~1.0.0" } }, "sha512-aA4RyPcd3badbdABGDuTXCMTtOneUCAYH/gxoYRTZlIJdF0YPWuGqiAsIrhNnnqdXGswYk6dGujem4w80UJFhg=="],

    "forwarded": ["forwarded@0.2.0", "", {}, "sha512-buRG0fpBtRHSTCOASe6hD258tEubFoRLb4ZNA6NxMVHNw2gOcwHo9wyablzMzOA5z9xA9L1KNjk/Nt6MT9aYow=="],

    "fresh": ["fresh@0.5.2", "", {}, "sha512-zJ2mQYM18rEFOudeV4GShTGIQ7RbzA7ozbU9I/XBpm7kqgMywgmylMwXHxZJmkVoYkna9d2pVXVXPdYTP9ej8Q=="],

    "fsevents": ["fsevents@2.3.3", "", { "os": "darwin" }, "sha512-5xoDfX+fL7faATnagmWPpbFtwh/R77WmMMqqHGS65C3vvB0YHrgF+B1YmZ3441tMj5n63k0212XNoJwzlhffQw=="],

    "function-bind": ["function-bind@1.1.2", "", {}, "sha512-7XHNxH7qX9xG5mIwxkhumTox/MIRNcOgDrxWsMt2pAr23WHp6MrRlN7FBSFpCpr+oVO0F744iUgR82nJMfG2SA=="],

    "get-caller-file": ["get-caller-file@2.0.5", "", {}, "sha512-DyFP3BM/3YHTQOCUL/w0OZHR0lpKeGrxotcHWcqNEdnltqFwXVfhEBQ94eIo34AfQpo0rGki4cyIiftY06h2Fg=="],

    "get-intrinsic": ["get-intrinsic@1.3.0", "", { "dependencies": { "call-bind-apply-helpers": "^1.0.2", "es-define-property": "^1.0.1", "es-errors": "^1.3.0", "es-object-atoms": "^1.1.1", "function-bind": "^1.1.2", "get-proto": "^1.0.1", "gopd": "^1.2.0", "has-symbols": "^1.1.0", "hasown": "^2.0.2", "math-intrinsics": "^1.1.0" } }, "sha512-9fSjSaos/fRIVIp+xSJlE6lfwhES7LNtKaCBIamHsjr2na1BiABJPo0mOjjz8GJDURarmCPGqaiVg5mfjb98CQ=="],

    "get-proto": ["get-proto@1.0.1", "", { "dependencies": { "dunder-proto": "^1.0.1", "es-object-atoms": "^1.0.0" } }, "sha512-sTSfBjoXBp89JvIKIefqw7U2CCebsc74kiY6awiGogKtoSGbgjYE/G/+l9sF3MWFPNc9IcoOC4ODfKHfxFmp0g=="],

    "gopd": ["gopd@1.2.0", "", {}, "sha512-ZUKRh6/kUFoAiTAtTYPZJ3hw9wNxx+BIBOijnlG9PnrJsCcSjs1wyyD6vJpaYtgnzDrKYRSqf3OO6Rfa93xsRg=="],

    "has-symbols": ["has-symbols@1.1.0", "", {}, "sha512-1cDNdwJ2Jaohmb3sg4OmKaMBwuC48sYni5HUw2DvsC8LjGTLK9h+eb1X6RyuOHe4hT0ULCW68iomhjUoKUqlPQ=="],

    "hasown": ["hasown@2.0.4", "", { "dependencies": { "function-bind": "^1.1.2" } }, "sha512-T2UbfbBEF32wiepXIsMlTW9+dDYC6wMh/t/vYA4tuOMKqWz/n3vr1NFSxQiyP+zk2mXsoMA/i/7qV6LKut1t1A=="],

    "http-errors": ["http-errors@2.0.1", "", { "dependencies": { "depd": "~2.0.0", "inherits": "~2.0.4", "setprototypeof": "~1.2.0", "statuses": "~2.0.2", "toidentifier": "~1.0.1" } }, "sha512-4FbRdAX+bSdmo4AUFuS0WNiPz8NgFt+r8ThgNWmlrjQjt1Q7ZR9+zTlce2859x4KSXrwIsaeTqDoKQmtP8pLmQ=="],

    "iconv-lite": ["iconv-lite@0.4.24", "", { "dependencies": { "safer-buffer": ">= 2.1.2 < 3" } }, "sha512-v3MXnZAcvnywkTUEZomIActle7RXXeedOR31wwl7VlyoXO4Qi9arvSenNQWne1TcRwhCL1HwLI21bEqdpj8/rA=="],

    "inherits": ["inherits@2.0.4", "", {}, "sha512-k/vGaX4/Yla3WzyMCvTQOXYeIHvqOKtnqBduzTHpzpQZzAskKMhZ2K+EnBiSM9zGSoIFeMpXKxa4dYeZIQqewQ=="],

    "ioredis": ["ioredis@5.11.1", "", { "dependencies": { "@ioredis/commands": "1.10.0", "cluster-key-slot": "1.1.1", "debug": "4.4.3", "denque": "2.1.0", "redis-errors": "1.2.0", "redis-parser": "3.0.0", "standard-as-callback": "2.1.0" } }, "sha512-ehuGcf94bQXhfagULNXrJdfnWO38v070jxSx/qE87Kjzmu2fU7ro5EFAb+OPituLqgfyuQaym5DlrNydW2sJ9A=="],

    "ipaddr.js": ["ipaddr.js@1.9.1", "", {}, "sha512-0KI/607xoxSToH7GjN1FfSbLoU0+btTicjsQSWQlh/hZykN8KpmMf7uYwPW3R+akZ6R/w18ZlXSHBYXiYUPO3g=="],

    "math-intrinsics": ["math-intrinsics@1.1.0", "", {}, "sha512-/IXtbwEk5HTPyEwyKX6hGkYXxM9nbj64B+ilVJnC/R6B0pH5G4V3b0pVbL7DBj4tkhBAppbQUlf6F6Xl9LHu1g=="],

    "media-typer": ["media-typer@0.3.0", "", {}, "sha512-dq+qelQ9akHpcOl/gUVRTxVIOkAJ1wR3QAvb4RsVjS8oVoFjDGTc679wJYmUmknUF5HwMLOgb5O+a3KxfWapPQ=="],

    "merge-descriptors": ["merge-descriptors@1.0.3", "", {}, "sha512-gaNvAS7TZ897/rVaZ0nMtAyxNyi/pdbjbAwUpFQpN70GqnVfOiXpeUUMKRBmzXaSQ8DdTX4/0ms62r2K+hE6mQ=="],

    "methods": ["methods@1.1.2", "", {}, "sha512-iclAHeNqNm68zFtnZ0e+1L2yUIdvzNoauKU4WBA3VvH/vPFieF7qfRlwUZU+DA9P9bPXIS90ulxoUoCH23sV2w=="],

    "mime": ["mime@1.6.0", "", { "bin": { "mime": "cli.js" } }, "sha512-x0Vn8spI+wuJ1O6S7gnbaQg8Pxh4NNHb7KSINmEWKiPE4RKOplvijn+NkmYmmRgP68mc70j2EbeTFRsrswaQeg=="],

    "mime-db": ["mime-db@1.52.0", "", {}, "sha512-sPU4uV7dYlvtWJxwwxHD0PuihVNiE7TyAbQ5SWxDCB9mUYvOgroQOwYQQOKPJ8CIbE+1ETVlOoK1UC2nU3gYvg=="],

    "mime-types": ["mime-types@2.1.35", "", { "dependencies": { "mime-db": "1.52.0" } }, "sha512-ZDY+bPm5zTTF+YpCrAU9nK0UgICYPT0QtT1NZWFv4s++TNkcgVaT0g6+4R2uI4MjQjzysHB1zxuWL50hzaeXiw=="],

    "ms": ["ms@2.0.0", "", {}, "sha512-Tpp60P6IUJDTuOq/5Z8cdskzJujfwqfOTkrwIwj7IRISpnkJnT6SyJ4PCPnGMoFjC9ddhal5KVIYtAt97ix05A=="],

    "negotiator": ["negotiator@0.6.3", "", {}, "sha512-+EUsqGPLsM+j/zdChZjsnX51g4XrHFOIXwfnCVPGlQk/k5giakcKsuxCObBRu6DSm9opw/O6slWbJdghQM4bBg=="],

    "object-inspect": ["object-inspect@1.13.4", "", {}, "sha512-W67iLl4J2EXEGTbfeHCffrjDfitvLANg0UlX3wFUUSTx92KXRFegMHUVgSqE+wvhAbi4WqjGg9czysTV2Epbew=="],

    "on-exit-leak-free": ["on-exit-leak-free@2.1.2", "", {}, "sha512-0eJJY6hXLGf1udHwfNftBqH+g73EU4B504nZeKpz1sYRKafAghwxEJunB2O7rDZkL4PGfsMVnTXZ2EjibbqcsA=="],

    "on-finished": ["on-finished@2.4.1", "", { "dependencies": { "ee-first": "1.1.1" } }, "sha512-oVlzkg3ENAhCk2zdv7IJwd/QUD4z2RxRwpkcGY8psCVcCYZNq4wYnVWALHM+brtuJjePWiYF/ClmuDr8Ch5+kg=="],

    "parseurl": ["parseurl@1.3.3", "", {}, "sha512-CiyeOxFT/JZyN5m0z9PfXw4SCBJ6Sygz1Dpl0wqjlhDEGGBP1GnsUVEL0p63hoG1fcj3fHynXi9NYO4nWOL+qQ=="],

    "path-to-regexp": ["path-to-regexp@0.1.13", "", {}, "sha512-A/AGNMFN3c8bOlvV9RreMdrv7jsmF9XIfDeCd87+I8RNg6s78BhJxMu69NEMHBSJFxKidViTEdruRwEk/WIKqA=="],

    "pino": ["pino@9.14.0", "", { "dependencies": { "@pinojs/redact": "^0.4.0", "atomic-sleep": "^1.0.0", "on-exit-leak-free": "^2.1.0", "pino-abstract-transport": "^2.0.0", "pino-std-serializers": "^7.0.0", "process-warning": "^5.0.0", "quick-format-unescaped": "^4.0.3", "real-require": "^0.2.0", "safe-stable-stringify": "^2.3.1", "sonic-boom": "^4.0.1", "thread-stream": "^3.0.0" }, "bin": { "pino": "bin.js" } }, "sha512-8OEwKp5juEvb/MjpIc4hjqfgCNysrS94RIOMXYvpYCdm/jglrKEiAYmiumbmGhCvs+IcInsphYDFwqrjr7398w=="],

    "pino-abstract-transport": ["pino-abstract-transport@2.0.0", "", { "dependencies": { "split2": "^4.0.0" } }, "sha512-F63x5tizV6WCh4R6RHyi2Ml+M70DNRXt/+HANowMflpgGFMAym/VKm6G7ZOQRjqN7XbGxK1Lg9t6ZrtzOaivMw=="],

    "pino-http": ["pino-http@10.5.0", "", { "dependencies": { "get-caller-file": "^2.0.5", "pino": "^9.0.0", "pino-std-serializers": "^7.0.0", "process-warning": "^5.0.0" } }, "sha512-hD91XjgaKkSsdn8P7LaebrNzhGTdB086W3pyPihX0EzGPjq5uBJBXo4N5guqNaK6mUjg9aubMF7wDViYek9dRA=="],

    "pino-std-serializers": ["pino-std-serializers@7.1.0", "", {}, "sha512-BndPH67/JxGExRgiX1dX0w1FvZck5Wa4aal9198SrRhZjH3GxKQUKIBnYJTdj2HDN3UQAS06HlfcSbQj2OHmaw=="],

    "prisma": ["prisma@5.22.0", "", { "dependencies": { "@prisma/engines": "5.22.0" }, "optionalDependencies": { "fsevents": "2.3.3" }, "bin": { "prisma": "build/index.js" } }, "sha512-vtpjW3XuYCSnMsNVBjLMNkTj6OZbudcPPTPYHqX0CJfpcdWciI1dM8uHETwmDxxiqEwCIE6WvXucWUetJgfu/A=="],

    "process-warning": ["process-warning@5.1.0", "", {}, "sha512-jQSaVHsPgtyw60e1rQ/A+/ArPEj/S8pS/vFnyGa/gYFXrKk/6RuDkoqVDQ5NI5MmS01698ltlAk0NoDBNLujRw=="],

    "proxy-addr": ["proxy-addr@2.0.7", "", { "dependencies": { "forwarded": "0.2.0", "ipaddr.js": "1.9.1" } }, "sha512-llQsMLSUDUPT44jdrU/O37qlnifitDP+ZwrmmZcoSKyLKvtZxpyV0n2/bD/N4tBAAZ/gJEdZU7KMraoK1+XYAg=="],

    "qs": ["qs@6.15.3", "", { "dependencies": { "es-define-property": "^1.0.1", "side-channel": "^1.1.1" } }, "sha512-O9gl3zCl5h5blw1KGUzQKhA5oUXSl8rwUIM5o0S3nCXMliSvy5Dzx7/DJcI+SwgICv+IneSZwhBh1oSyEHA71A=="],

    "quick-format-unescaped": ["quick-format-unescaped@4.0.4", "", {}, "sha512-tYC1Q1hgyRuHgloV/YXs2w15unPVh8qfu/qCTfhTYamaw7fyhumKa2yGpdSo87vY32rIclj+4fWYQXUMs9EHvg=="],

    "range-parser": ["range-parser@1.2.1", "", {}, "sha512-Hrgsx+orqoygnmhFbKaHE6c296J+HTAQXoxEF6gNupROmmGJRoyzfG3ccAveqCBrwr/2yxQ5BVd/GTl5agOwSg=="],

    "raw-body": ["raw-body@2.5.3", "", { "dependencies": { "bytes": "~3.1.2", "http-errors": "~2.0.1", "iconv-lite": "~0.4.24", "unpipe": "~1.0.0" } }, "sha512-s4VSOf6yN0rvbRZGxs8Om5CWj6seneMwK3oDb4lWDH0UPhWcxwOWw5+qk24bxq87szX1ydrwylIOp2uG1ojUpA=="],

    "real-require": ["real-require@0.2.0", "", {}, "sha512-57frrGM/OCTLqLOAh0mhVA9VBMHd+9U7Zb2THMGdBUoZVOtGbJzjxsYGDJ3A9AYYCP4hn6y1TVbaOfzWtm5GFg=="],

    "redis-errors": ["redis-errors@1.2.0", "", {}, "sha512-1qny3OExCf0UvUV/5wpYKf2YwPcOqXzkwKKSmKHiE6ZMQs5heeE/c8eXK+PNllPvmjgAbfnsbpkGZWy8cBpn9w=="],

    "redis-parser": ["redis-parser@3.0.0", "", { "dependencies": { "redis-errors": "^1.0.0" } }, "sha512-DJnGAeenTdpMEH6uAJRK/uiyEIH9WVsUmoLwzudwGJUwZPp80PDBWPHXSAGNPwNvIXAbe7MSUB1zQFugFml66A=="],

    "safe-buffer": ["safe-buffer@5.2.1", "", {}, "sha512-rp3So07KcdmmKbGvgaNxQSJr7bGVSVk5S9Eq1F+ppbRo70+YeaDxkw5Dd8NPN+GD6bjnYm2VuPuCXmpuYvmCXQ=="],

    "safe-stable-stringify": ["safe-stable-stringify@2.5.0", "", {}, "sha512-b3rppTKm9T+PsVCBEOUR46GWI7fdOs00VKZ1+9c1EWDaDMvjQc6tUwuFyIprgGgTcWoVHSKrU8H31ZHA2e0RHA=="],

    "safer-buffer": ["safer-buffer@2.1.2", "", {}, "sha512-YZo3K82SD7Riyi0E1EQPojLz7kpepnSQI9IyPbHHg1XXXevb5dJI7tpyN2ADxGcQbHG7vcyRHk0cbwqcQriUtg=="],

    "send": ["send@0.19.2", "", { "dependencies": { "debug": "2.6.9", "depd": "2.0.0", "destroy": "1.2.0", "encodeurl": "~2.0.0", "escape-html": "~1.0.3", "etag": "~1.8.1", "fresh": "~0.5.2", "http-errors": "~2.0.1", "mime": "1.6.0", "ms": "2.1.3", "on-finished": "~2.4.1", "range-parser": "~1.2.1", "statuses": "~2.0.2" } }, "sha512-VMbMxbDeehAxpOtWJXlcUS5E8iXh6QmN+BkRX1GARS3wRaXEEgzCcB10gTQazO42tpNIya8xIyNx8fll1OFPrg=="],

    "serve-static": ["serve-static@1.16.3", "", { "dependencies": { "encodeurl": "~2.0.0", "escape-html": "~1.0.3", "parseurl": "~1.3.3", "send": "~0.19.1" } }, "sha512-x0RTqQel6g5SY7Lg6ZreMmsOzncHFU7nhnRWkKgWuMTu5NN0DR5oruckMqRvacAN9d5w6ARnRBXl9xhDCgfMeA=="],

    "setprototypeof": ["setprototypeof@1.2.0", "", {}, "sha512-E5LDX7Wrp85Kil5bhZv46j8jOeboKq5JMmYM3gVGdGH8xFpPWXUMsNrlODCrkoxMEeNi/XZIwuRvY4XNwYMJpw=="],

    "side-channel": ["side-channel@1.1.1", "", { "dependencies": { "es-errors": "^1.3.0", "object-inspect": "^1.13.4", "side-channel-list": "^1.0.1", "side-channel-map": "^1.0.1", "side-channel-weakmap": "^1.0.2" } }, "sha512-6x6dK6zJdpTzF4sQeNYxwtvBzf6Eg4GtlesS94HOvTudUeyK2WXAaIfmDgsyslYrRBeFIlsi54AYsFGUuhmvrQ=="],

    "side-channel-list": ["side-channel-list@1.0.1", "", { "dependencies": { "es-errors": "^1.3.0", "object-inspect": "^1.13.4" } }, "sha512-mjn/0bi/oUURjc5Xl7IaWi/OJJJumuoJFQJfDDyO46+hBWsfaVM65TBHq2eoZBhzl9EchxOijpkbRC8SVBQU0w=="],

    "side-channel-map": ["side-channel-map@1.0.1", "", { "dependencies": { "call-bound": "^1.0.2", "es-errors": "^1.3.0", "get-intrinsic": "^1.2.5", "object-inspect": "^1.13.3" } }, "sha512-VCjCNfgMsby3tTdo02nbjtM/ewra6jPHmpThenkTYh8pG9ucZ/1P8So4u4FGBek/BjpOVsDCMoLA/iuBKIFXRA=="],

    "side-channel-weakmap": ["side-channel-weakmap@1.0.2", "", { "dependencies": { "call-bound": "^1.0.2", "es-errors": "^1.3.0", "get-intrinsic": "^1.2.5", "object-inspect": "^1.13.3", "side-channel-map": "^1.0.1" } }, "sha512-WPS/HvHQTYnHisLo9McqBHOJk2FkHO/tlpvldyrnem4aeQp4hai3gythswg6p01oSoTl58rcpiFAjF2br2Ak2A=="],

    "sonic-boom": ["sonic-boom@4.2.1", "", { "dependencies": { "atomic-sleep": "^1.0.0" } }, "sha512-w6AxtubXa2wTXAUsZMMWERrsIRAdrK0Sc+FUytWvYAhBJLyuI4llrMIC1DtlNSdI99EI86KZum2MMq3EAZlF9Q=="],

    "split2": ["split2@4.2.0", "", {}, "sha512-UcjcJOWknrNkF6PLX83qcHM6KHgVKNkV62Y8a5uYDVv9ydGQVwAHMKqHdJje1VTWpljG0WYpCDhrCdAOYH4TWg=="],

    "standard-as-callback": ["standard-as-callback@2.1.0", "", {}, "sha512-qoRRSyROncaz1z0mvYqIE4lCd9p2R90i6GxW3uZv5ucSu8tU7B5HXUP1gG8pVZsYNVaXjk8ClXHPttLyxAL48A=="],

    "statuses": ["statuses@2.0.2", "", {}, "sha512-DvEy55V3DB7uknRo+4iOGT5fP1slR8wQohVdknigZPMpMstaKJQWhwiYBACJE3Ul2pTnATihhBYnRhZQHGBiRw=="],

    "thread-stream": ["thread-stream@3.2.0", "", { "dependencies": { "real-require": "^0.2.0" } }, "sha512-zLBvqpwr4Esa0kRjcrzGU6zL25lePWaCLMx0RQFrmteozIfeNdaMLpG5U7PeHzvlFkAWaRKA9/KVW4F60iB+qw=="],

    "toidentifier": ["toidentifier@1.0.1", "", {}, "sha512-o5sSPKEkg/DIQNmH43V0/uerLrpzVedkUh8tGNvaeXpfpuwjKenlSox/2O/BTlZUtEe+JG7s5YhEz608PlAHRA=="],

    "tslib": ["tslib@2.8.1", "", {}, "sha512-oJFu94HQb+KVduSUQL7wnpmqnfmLsOA/nAh6b6EH0wCEoK0/mPeXU6c3wKDV83MkOuHPRHtSXKKU99IBazS/2w=="],

    "type-is": ["type-is@1.6.18", "", { "dependencies": { "media-typer": "0.3.0", "mime-types": "~2.1.24" } }, "sha512-TkRKr9sUTxEH8MdfuCSP7VizJyzRNMjj2J2do2Jr3Kym598JVdEksuzPQCnlFPW4ky9Q+iA+ma9BGm06XQBy8g=="],

    "typescript": ["typescript@5.9.3", "", { "bin": { "tsc": "bin/tsc", "tsserver": "bin/tsserver" } }, "sha512-jl1vZzPDinLr9eUt3J/t7V6FgNEw9QjvBPdysz9KfQDD41fQrC2Y4vKQdiaUpFT4bXlb1RHhLpp8wtm6M5TgSw=="],

    "undici-types": ["undici-types@8.3.0", "", {}, "sha512-j375ScV60dom+YkPFIfTLcOiPxkN/buHz5GobjLhixFuANaNs3C9l4GmrWqejgXWJ7BbJcFYpTEUkS1Ge8bpZQ=="],

    "unpipe": ["unpipe@1.0.0", "", {}, "sha512-pjy2bYhSsufwWlKwPc+l3cN7+wuJlK6uz0YdJEOlQDbl6jo/YlPi4mb8agUkVC8BF7V8NuzeyPNqRksA3hztKQ=="],

    "utils-merge": ["utils-merge@1.0.1", "", {}, "sha512-pMZTvIkT1d+TFGvDOqodOclx0QWkkgi6Tdoa8gC8ffGAAqz9pzPTZWAybbsHHoED/ztMtkv/VoYTYyShUn81hA=="],

    "vary": ["vary@1.1.2", "", {}, "sha512-BNGbWLfd0eUPabhkXUVm0j8uuvREyTh5ovRa/dyow/BqAbZJyC+5fU+IzQOzmAKzYqYRAISoRhdQr3eIZ/PXqg=="],

    "zod": ["zod@3.25.76", "", {}, "sha512-gzUt/qt81nXsFGKIFcC3YnfEAx5NkunCfnDlvuBSSFS02bcXu4Lmea0AFIUwbLWxWPx3d9p8S5QoaujKcNQxcQ=="],

    "@types/serve-static/@types/send": ["@types/send@0.17.6", "", { "dependencies": { "@types/mime": "^1", "@types/node": "*" } }, "sha512-Uqt8rPBE8SY0RK8JB1EzVOIZ32uqy8HwdxCnoCOsYrvnswqmFZ/k+9Ikidlk/ImhsdvBsloHbAlewb2IEBV/Og=="],

    "ioredis/debug": ["debug@4.4.3", "", { "dependencies": { "ms": "^2.1.3" }, "peerDependencies": { "supports-color": "*" }, "optionalPeers": ["supports-color"] }, "sha512-RGwwWnwQvkVfavKVt22FGLw+xYSdzARwm0ru6DhTVA3umU5hZc28V3kO4stgYryrTlLpuvgI9GiijltAjNbcqA=="],

    "send/ms": ["ms@2.1.3", "", {}, "sha512-6FlzubTLZG3J2a/NVCAleEhjzq5oxgHyaCU9yYXvcLsvoVaHJq/s5xXI6/XXP6tz7R9xAOtHnSO/tXtF3WRTlA=="],

    "ioredis/debug/ms": ["ms@2.1.3", "", {}, "sha512-6FlzubTLZG3J2a/NVCAleEhjzq5oxgHyaCU9yYXvcLsvoVaHJq/s5xXI6/XXP6tz7R9xAOtHnSO/tXtF3WRTlA=="],
  }
}
